
Microsoft Visual Studio Solution File, Format Version 12.00
# Visual Studio Version 17
VisualStudioVersion = 17.7.34031.279
MinimumVisualStudioVersion = 10.0.40219.1
Project("{8BC9CEB8-8B4A-11D0-8D11-00A0C91BC942}") = "Drill_1", "Drill_1\Drill_1.vcxproj", "{949CAE44-C468-493F-B745-8C0F2822263B}"
EndProject
Global
	GlobalSection(SolutionConfigurationPlatforms) = preSolution
		Debug|x64 = Debug|x64
		Debug|x86 = Debug|x86
		Release|x64 = Release|x64
		Release|x86 = Release|x86
	EndGlobalSection
	GlobalSection(ProjectConfigurationPlatforms) = postSolution
		{949CAE44-C468-493F-B745-8C0F2822263B}.Debug|x64.ActiveCfg = Debug|x64
		{949CAE44-C468-493F-B745-8C0F2822263B}.Debug|x64.Build.0 = Debug|x64
		{949CAE44-C468-493F-B745-8C0F2822263B}.Debug|x86.ActiveCfg = Debug|Win32
		{949CAE44-C468-493F-B745-8C0F2822263B}.Debug|x86.Build.0 = Debug|Win32
		{949CAE44-C468-493F-B745-8C0F2822263B}.Release|x64.ActiveCfg = Release|x64
		{949CAE44-C468-493F-B745-8C0F2822263B}.Release|x64.Build.0 = Release|x64
		{949CAE44-C468-493F-B745-8C0F2822263B}.Release|x86.ActiveCfg = Release|Win32
		{949CAE44-C468-493F-B745-8C0F2822263B}.Release|x86.Build.0 = Release|Win32
	EndGlobalSection
	GlobalSection(SolutionProperties) = preSolution
		HideSolutionNode = FALSE
	EndGlobalSection
	GlobalSection(ExtensibilityGlobals) = postSolution
		SolutionGuid = {DC9401D8-7FAE-42FD-8CD7-68D98D094736}
	EndGlobalSection
EndGlobal
